
Microsoft Visual Studio Solution File, Format Version 12.00
# Visual Studio Version 17
VisualStudioVersion = 17.7.34031.279
MinimumVisualStudioVersion = 10.0.40219.1
Project("{FAE04EC0-301F-11D3-BF4B-00C04F79EFBC}") = "AmazonShoping", "AmazonShoping\AmazonShoping.csproj", "{82CA3782-6BD5-4CC1-9471-4A3E2DCFA9CD}"
EndProject
Global
	GlobalSection(SolutionConfigurationPlatforms) = preSolution
		Debug|Any CPU = Debug|Any CPU
		Release|Any CPU = Release|Any CPU
	EndGlobalSection
	GlobalSection(ProjectConfigurationPlatforms) = postSolution
		{82CA3782-6BD5-4CC1-9471-4A3E2DCFA9CD}.Debug|Any CPU.ActiveCfg = Debug|Any CPU
		{82CA3782-6BD5-4CC1-9471-4A3E2DCFA9CD}.Debug|Any CPU.Build.0 = Debug|Any CPU
		{82CA3782-6BD5-4CC1-9471-4A3E2DCFA9CD}.Release|Any CPU.ActiveCfg = Release|Any CPU
		{82CA3782-6BD5-4CC1-9471-4A3E2DCFA9CD}.Release|Any CPU.Build.0 = Release|Any CPU
	EndGlobalSection
	GlobalSection(SolutionProperties) = preSolution
		HideSolutionNode = FALSE
	EndGlobalSection
	GlobalSection(ExtensibilityGlobals) = postSolution
		SolutionGuid = {7556AD30-B0A8-403E-88E8-B86D996483A9}
	EndGlobalSection
EndGlobal
